
Microsoft Visual Studio Solution File, Format Version 12.00
# Visual Studio 15
VisualStudioVersion = 15.0.27130.2036
MinimumVisualStudioVersion = 10.0.40219.1
Project("{FAE04EC0-301F-11D3-BF4B-00C04F79EFBC}") = "SortingLib", "SortingLib\SortingLib.csproj", "{B22A2F31-680F-4FF2-9AF6-E2D181CC0DF0}"
EndProject
Project("{FAE04EC0-301F-11D3-BF4B-00C04F79EFBC}") = "SortingLib.Tests", "SortingLib.Tests\SortingLib.Tests.csproj", "{8C73B4A7-9DF3-4521-B891-0E698DF7C729}"
EndProject
Global
	GlobalSection(SolutionConfigurationPlatforms) = preSolution
		Debug|Any CPU = Debug|Any CPU
		Release|Any CPU = Release|Any CPU
	EndGlobalSection
	GlobalSection(ProjectConfigurationPlatforms) = postSolution
		{B22A2F31-680F-4FF2-9AF6-E2D181CC0DF0}.Debug|Any CPU.ActiveCfg = Debug|Any CPU
		{B22A2F31-680F-4FF2-9AF6-E2D181CC0DF0}.Debug|Any CPU.Build.0 = Debug|Any CPU
		{B22A2F31-680F-4FF2-9AF6-E2D181CC0DF0}.Release|Any CPU.ActiveCfg = Release|Any CPU
		{B22A2F31-680F-4FF2-9AF6-E2D181CC0DF0}.Release|Any CPU.Build.0 = Release|Any CPU
		{8C73B4A7-9DF3-4521-B891-0E698DF7C729}.Debug|Any CPU.ActiveCfg = Debug|Any CPU
		{8C73B4A7-9DF3-4521-B891-0E698DF7C729}.Debug|Any CPU.Build.0 = Debug|Any CPU
		{8C73B4A7-9DF3-4521-B891-0E698DF7C729}.Release|Any CPU.ActiveCfg = Release|Any CPU
		{8C73B4A7-9DF3-4521-B891-0E698DF7C729}.Release|Any CPU.Build.0 = Release|Any CPU
	EndGlobalSection
	GlobalSection(SolutionProperties) = preSolution
		HideSolutionNode = FALSE
	EndGlobalSection
	GlobalSection(ExtensibilityGlobals) = postSolution
		SolutionGuid = {D2698A0E-8137-4A9D-9373-9F2AD5E1B13E}
	EndGlobalSection
EndGlobal
